
Microsoft Visual Studio Solution File, Format Version 12.00
# Visual Studio Version 17
VisualStudioVersion = 17.13.35931.197 d17.13
MinimumVisualStudioVersion = 10.0.40219.1
Project("{FAE04EC0-301F-11D3-BF4B-00C04F79EFBC}") = "CaseDelivery", "CaseDelivery\CaseDelivery.csproj", "{30D274BD-1E8D-44BD-A088-D42C2A04612D}"
EndProject
Global
	GlobalSection(SolutionConfigurationPlatforms) = preSolution
		Debug|Any CPU = Debug|Any CPU
		Release|Any CPU = Release|Any CPU
	EndGlobalSection
	GlobalSection(ProjectConfigurationPlatforms) = postSolution
		{30D274BD-1E8D-44BD-A088-D42C2A04612D}.Debug|Any CPU.ActiveCfg = Debug|Any CPU
		{30D274BD-1E8D-44BD-A088-D42C2A04612D}.Debug|Any CPU.Build.0 = Debug|Any CPU
		{30D274BD-1E8D-44BD-A088-D42C2A04612D}.Release|Any CPU.ActiveCfg = Release|Any CPU
		{30D274BD-1E8D-44BD-A088-D42C2A04612D}.Release|Any CPU.Build.0 = Release|Any CPU
	EndGlobalSection
	GlobalSection(SolutionProperties) = preSolution
		HideSolutionNode = FALSE
	EndGlobalSection
	GlobalSection(ExtensibilityGlobals) = postSolution
		SolutionGuid = {13559533-168E-4CF9-BB9E-929B575523F4}
	EndGlobalSection
EndGlobal
